
Microsoft Visual Studio Solution File, Format Version 12.00
# Visual Studio Version 17
VisualStudioVersion = 17.6.33815.320
MinimumVisualStudioVersion = 10.0.40219.1
Project("{FAE04EC0-301F-11D3-BF4B-00C04F79EFBC}") = "Todos.App", "Todos.App\Todos.App.csproj", "{F7207E18-003C-42A4-9331-419C87744883}"
EndProject
Global
	GlobalSection(SolutionConfigurationPlatforms) = preSolution
		Debug|Any CPU = Debug|Any CPU
		Release|Any CPU = Release|Any CPU
	EndGlobalSection
	GlobalSection(ProjectConfigurationPlatforms) = postSolution
		{F7207E18-003C-42A4-9331-419C87744883}.Debug|Any CPU.ActiveCfg = Debug|Any CPU
		{F7207E18-003C-42A4-9331-419C87744883}.Debug|Any CPU.Build.0 = Debug|Any CPU
		{F7207E18-003C-42A4-9331-419C87744883}.Release|Any CPU.ActiveCfg = Release|Any CPU
		{F7207E18-003C-42A4-9331-419C87744883}.Release|Any CPU.Build.0 = Release|Any CPU
	EndGlobalSection
	GlobalSection(SolutionProperties) = preSolution
		HideSolutionNode = FALSE
	EndGlobalSection
	GlobalSection(ExtensibilityGlobals) = postSolution
		SolutionGuid = {3E248992-1178-43E2-9371-79364723C30F}
	EndGlobalSection
EndGlobal
